{
  "requires": true,
  "lockfileVersion": 1,
  "dependencies": {
    "worker-engine": {
      "version": "1.1.1",
      "resolved": "https://registry.npmjs.org/worker-engine/-/worker-engine-1.1.1.tgz",
      "integrity": "sha512-vTYgT1DQQS0ABntiqcCDFkh4gTzreNfhePtsbPK3urLYbPyc6mn7o1Da18CU9oUipFr6LSAJw4ESfkgT5GqZ/g=="
    }
  }
}
